// !$*UTF8*$!
{
	archiveVersion = 1;
	classes = {
	};
	objectVersion = 46;
	objects = {

/* Begin PBXBuildFile section */
		FC1740681D168C2C0016B1B3 /* XEasyMotionUITests.swift in Sources */ = {isa = PBXBuildFile; fileRef = FC1740671D168C2C0016B1B3 /* XEasyMotionUITests.swift */; };
		FC17406A1D168CB10016B1B3 /* XEasyMotionTests.swift in Sources */ = {isa = PBXBuildFile; fileRef = FC1740691D168CB10016B1B3 /* XEasyMotionTests.swift */; };
		FC1BB5641D1996B300539FF0 /* NineBlockMode.swift in Sources */ = {isa = PBXBuildFile; fileRef = FC1BB5631D1996B300539FF0 /* NineBlockMode.swift */; };
		FC1EE6ED1CF888B500ABC6A6 /* GradView.swift in Sources */ = {isa = PBXBuildFile; fileRef = FC1EE6EC1CF888B500ABC6A6 /* GradView.swift */; };
		FC2677A91CF74D3600EB7E9D /* MainWindowController.swift in Sources */ = {isa = PBXBuildFile; fileRef = FC2677A81CF74D3600EB7E9D /* MainWindowController.swift */; };
		FC407E0B1D1687C10035ABCF /* SimpleMode.swift in Sources */ = {isa = PBXBuildFile; fileRef = FC407E0A1D1687C10035ABCF /* SimpleMode.swift */; };
		FC5A2C291D15124A00472D06 /* SettingWindowController.swift in Sources */ = {isa = PBXBuildFile; fileRef = FC5A2C281D15124A00472D06 /* SettingWindowController.swift */; };
		FC5A2C2B1D15129400472D06 /* SettingViewController.swift in Sources */ = {isa = PBXBuildFile; fileRef = FC5A2C2A1D15129400472D06 /* SettingViewController.swift */; };
		FC740B501D01D6CB00CCE546 /* Util.swift in Sources */ = {isa = PBXBuildFile; fileRef = FC740B4F1D01D6CB00CCE546 /* Util.swift */; };
		FC740B541D024CEB00CCE546 /* HotKeys.swift in Sources */ = {isa = PBXBuildFile; fileRef = FC740B531D024CEB00CCE546 /* HotKeys.swift */; };
		FC740B5E1D02766D00CCE546 /* Constents.swift in Sources */ = {isa = PBXBuildFile; fileRef = FC740B5D1D02766D00CCE546 /* Constents.swift */; };
		FC9FDD5B1CF7419600533B23 /* MainWindow.swift in Sources */ = {isa = PBXBuildFile; fileRef = FC9FDD5A1CF7419600533B23 /* MainWindow.swift */; };
		FCA7F3FC1D16303300BCE328 /* Config.swift in Sources */ = {isa = PBXBuildFile; fileRef = FCA7F3FB1D16303300BCE328 /* Config.swift */; };
		FCA7F4011D163DCF00BCE328 /* Mode.swift in Sources */ = {isa = PBXBuildFile; fileRef = FCA7F4001D163DCF00BCE328 /* Mode.swift */; };
		FCCB381B1D01C05400EFC908 /* ViewController.swift in Sources */ = {isa = PBXBuildFile; fileRef = FCCB381A1D01C05400EFC908 /* ViewController.swift */; };
		FCD93D621D054B04000184B8 /* Log.swift in Sources */ = {isa = PBXBuildFile; fileRef = FCD93D611D054B04000184B8 /* Log.swift */; };
		FCDCFB071CF6DA36009ABCEB /* AppDelegate.swift in Sources */ = {isa = PBXBuildFile; fileRef = FCDCFB061CF6DA36009ABCEB /* AppDelegate.swift */; };
		FCDCFB0B1CF6DA36009ABCEB /* Assets.xcassets in Resources */ = {isa = PBXBuildFile; fileRef = FCDCFB0A1CF6DA36009ABCEB /* Assets.xcassets */; };
		FCDCFB0E1CF6DA36009ABCEB /* Main.storyboard in Resources */ = {isa = PBXBuildFile; fileRef = FCDCFB0C1CF6DA36009ABCEB /* Main.storyboard */; };
		FCFD06751D02FB8F0005D284 /* AboutWindowController.swift in Sources */ = {isa = PBXBuildFile; fileRef = FCFD06741D02FB8F0005D284 /* AboutWindowController.swift */; };
		FCFD06771D0302A40005D284 /* AboutViewControoler.swift in Sources */ = {isa = PBXBuildFile; fileRef = FCFD06761D0302A40005D284 /* AboutViewControoler.swift */; };
/* End PBXBuildFile section */

/* Begin PBXContainerItemProxy section */
		FCDCFB151CF6DA36009ABCEB /* PBXContainerItemProxy */ = {
			isa = PBXContainerItemProxy;
			containerPortal = FCDCFAFB1CF6DA36009ABCEB /* Project object */;
			proxyType = 1;
			remoteGlobalIDString = FCDCFB021CF6DA36009ABCEB;
			remoteInfo = keynav;
		};
		FCDCFB201CF6DA36009ABCEB /* PBXContainerItemProxy */ = {
			isa = PBXContainerItemProxy;
			containerPortal = FCDCFAFB1CF6DA36009ABCEB /* Project object */;
			proxyType = 1;
			remoteGlobalIDString = FCDCFB021CF6DA36009ABCEB;
			remoteInfo = keynav;
		};
/* End PBXContainerItemProxy section */

/* Begin PBXFileReference section */
		FC1740671D168C2C0016B1B3 /* XEasyMotionUITests.swift */ = {isa = PBXFileReference; fileEncoding = 4; lastKnownFileType = sourcecode.swift; path = XEasyMotionUITests.swift; sourceTree = "<group>"; };
		FC1740691D168CB10016B1B3 /* XEasyMotionTests.swift */ = {isa = PBXFileReference; fileEncoding = 4; lastKnownFileType = sourcecode.swift; path = XEasyMotionTests.swift; sourceTree = "<group>"; };
		FC1BB5631D1996B300539FF0 /* NineBlockMode.swift */ = {isa = PBXFileReference; fileEncoding = 4; lastKnownFileType = sourcecode.swift; path = NineBlockMode.swift; sourceTree = "<group>"; };
		FC1EE6EC1CF888B500ABC6A6 /* GradView.swift */ = {isa = PBXFileReference; fileEncoding = 4; lastKnownFileType = sourcecode.swift; path = GradView.swift; sourceTree = "<group>"; };
		FC2677A81CF74D3600EB7E9D /* MainWindowController.swift */ = {isa = PBXFileReference; fileEncoding = 4; lastKnownFileType = sourcecode.swift; path = MainWindowController.swift; sourceTree = "<group>"; };
		FC407E0A1D1687C10035ABCF /* SimpleMode.swift */ = {isa = PBXFileReference; fileEncoding = 4; lastKnownFileType = sourcecode.swift; path = SimpleMode.swift; sourceTree = "<group>"; };
		FC5A2C281D15124A00472D06 /* SettingWindowController.swift */ = {isa = PBXFileReference; fileEncoding = 4; lastKnownFileType = sourcecode.swift; path = SettingWindowController.swift; sourceTree = "<group>"; };
		FC5A2C2A1D15129400472D06 /* SettingViewController.swift */ = {isa = PBXFileReference; fileEncoding = 4; lastKnownFileType = sourcecode.swift; path = SettingViewController.swift; sourceTree = "<group>"; };
		FC740B4F1D01D6CB00CCE546 /* Util.swift */ = {isa = PBXFileReference; fileEncoding = 4; lastKnownFileType = sourcecode.swift; path = Util.swift; sourceTree = "<group>"; };
		FC740B531D024CEB00CCE546 /* HotKeys.swift */ = {isa = PBXFileReference; fileEncoding = 4; lastKnownFileType = sourcecode.swift; path = HotKeys.swift; sourceTree = "<group>"; };
		FC740B5D1D02766D00CCE546 /* Constents.swift */ = {isa = PBXFileReference; fileEncoding = 4; lastKnownFileType = sourcecode.swift; path = Constents.swift; sourceTree = "<group>"; };
		FC9FDD5A1CF7419600533B23 /* MainWindow.swift */ = {isa = PBXFileReference; fileEncoding = 4; lastKnownFileType = sourcecode.swift; path = MainWindow.swift; sourceTree = "<group>"; };
		FCA7F3FB1D16303300BCE328 /* Config.swift */ = {isa = PBXFileReference; fileEncoding = 4; lastKnownFileType = sourcecode.swift; path = Config.swift; sourceTree = "<group>"; };
		FCA7F4001D163DCF00BCE328 /* Mode.swift */ = {isa = PBXFileReference; fileEncoding = 4; lastKnownFileType = sourcecode.swift; path = Mode.swift; sourceTree = "<group>"; };
		FCCB381A1D01C05400EFC908 /* ViewController.swift */ = {isa = PBXFileReference; fileEncoding = 4; lastKnownFileType = sourcecode.swift; path = ViewController.swift; sourceTree = "<group>"; };
		FCD141901D004AC8002DC3D3 /* MyPlayground.playground */ = {isa = PBXFileReference; lastKnownFileType = file.playground; path = MyPlayground.playground; sourceTree = "<group>"; };
		FCD93D611D054B04000184B8 /* Log.swift */ = {isa = PBXFileReference; fileEncoding = 4; lastKnownFileType = sourcecode.swift; path = Log.swift; sourceTree = "<group>"; };
		FCDCFB031CF6DA36009ABCEB /* XEasyMotion.app */ = {isa = PBXFileReference; explicitFileType = wrapper.application; includeInIndex = 0; path = XEasyMotion.app; sourceTree = BUILT_PRODUCTS_DIR; };
		FCDCFB061CF6DA36009ABCEB /* AppDelegate.swift */ = {isa = PBXFileReference; lastKnownFileType = sourcecode.swift; path = AppDelegate.swift; sourceTree = "<group>"; };
		FCDCFB0A1CF6DA36009ABCEB /* Assets.xcassets */ = {isa = PBXFileReference; lastKnownFileType = folder.assetcatalog; path = Assets.xcassets; sourceTree = "<group>"; };
		FCDCFB0D1CF6DA36009ABCEB /* Base */ = {isa = PBXFileReference; lastKnownFileType = file.storyboard; name = Base; path = Base.lproj/Main.storyboard; sourceTree = "<group>"; };
		FCDCFB0F1CF6DA36009ABCEB /* Info.plist */ = {isa = PBXFileReference; lastKnownFileType = text.plist.xml; path = Info.plist; sourceTree = "<group>"; };
		FCDCFB141CF6DA36009ABCEB /* XEasyMotion.xctest */ = {isa = PBXFileReference; explicitFileType = wrapper.cfbundle; includeInIndex = 0; path = XEasyMotion.xctest; sourceTree = BUILT_PRODUCTS_DIR; };
		FCDCFB1A1CF6DA36009ABCEB /* Info.plist */ = {isa = PBXFileReference; lastKnownFileType = text.plist.xml; path = Info.plist; sourceTree = "<group>"; };
		FCDCFB1F1CF6DA36009ABCEB /* XEasyMotion.xctest */ = {isa = PBXFileReference; explicitFileType = wrapper.cfbundle; includeInIndex = 0; path = XEasyMotion.xctest; sourceTree = BUILT_PRODUCTS_DIR; };
		FCDCFB251CF6DA36009ABCEB /* Info.plist */ = {isa = PBXFileReference; lastKnownFileType = text.plist.xml; path = Info.plist; sourceTree = "<group>"; };
		FCFD066F1D028C810005D284 /* ConolePlay.playground */ = {isa = PBXFileReference; lastKnownFileType = file.playground; path = ConolePlay.playground; sourceTree = "<group>"; };
		FCFD06741D02FB8F0005D284 /* AboutWindowController.swift */ = {isa = PBXFileReference; fileEncoding = 4; lastKnownFileType = sourcecode.swift; path = AboutWindowController.swift; sourceTree = "<group>"; };
		FCFD06761D0302A40005D284 /* AboutViewControoler.swift */ = {isa = PBXFileReference; fileEncoding = 4; lastKnownFileType = sourcecode.swift; path = AboutViewControoler.swift; sourceTree = "<group>"; };
/* End PBXFileReference section */

/* Begin PBXFrameworksBuildPhase section */
		FCDCFB001CF6DA36009ABCEB /* Frameworks */ = {
			isa = PBXFrameworksBuildPhase;
			buildActionMask = 2147483647;
			files = (
			);
			runOnlyForDeploymentPostprocessing = 0;
		};
		FCDCFB111CF6DA36009ABCEB /* Frameworks */ = {
			isa = PBXFrameworksBuildPhase;
			buildActionMask = 2147483647;
			files = (
			);
			runOnlyForDeploymentPostprocessing = 0;
		};
		FCDCFB1C1CF6DA36009ABCEB /* Frameworks */ = {
			isa = PBXFrameworksBuildPhase;
			buildActionMask = 2147483647;
			files = (
			);
			runOnlyForDeploymentPostprocessing = 0;
		};
/* End PBXFrameworksBuildPhase section */

/* Begin PBXGroup section */
		FCA7F3FF1D163DBF00BCE328 /* Mode */ = {
			isa = PBXGroup;
			children = (
				FCA7F4001D163DCF00BCE328 /* Mode.swift */,
				FC407E0A1D1687C10035ABCF /* SimpleMode.swift */,
				FC1BB5631D1996B300539FF0 /* NineBlockMode.swift */,
			);
			path = Mode;
			sourceTree = "<group>";
		};
		FCDCFAFA1CF6DA36009ABCEB = {
			isa = PBXGroup;
			children = (
				FCDCFB051CF6DA36009ABCEB /* XEasyMotion */,
				FCDCFB171CF6DA36009ABCEB /* XEasyMotionTests */,
				FCDCFB221CF6DA36009ABCEB /* XEasyMotionUITests */,
				FCDCFB041CF6DA36009ABCEB /* Products */,
			);
			sourceTree = "<group>";
		};
		FCDCFB041CF6DA36009ABCEB /* Products */ = {
			isa = PBXGroup;
			children = (
				FCDCFB031CF6DA36009ABCEB /* XEasyMotion.app */,
				FCDCFB141CF6DA36009ABCEB /* XEasyMotion.xctest */,
				FCDCFB1F1CF6DA36009ABCEB /* XEasyMotion.xctest */,
			);
			name = Products;
			sourceTree = "<group>";
		};
		FCDCFB051CF6DA36009ABCEB /* XEasyMotion */ = {
			isa = PBXGroup;
			children = (
				FCA7F3FF1D163DBF00BCE328 /* Mode */,
				FCDCFB061CF6DA36009ABCEB /* AppDelegate.swift */,
				FCDCFB0A1CF6DA36009ABCEB /* Assets.xcassets */,
				FCDCFB0C1CF6DA36009ABCEB /* Main.storyboard */,
				FCDCFB0F1CF6DA36009ABCEB /* Info.plist */,
				FC9FDD5A1CF7419600533B23 /* MainWindow.swift */,
				FC2677A81CF74D3600EB7E9D /* MainWindowController.swift */,
				FC1EE6EC1CF888B500ABC6A6 /* GradView.swift */,
				FCD141901D004AC8002DC3D3 /* MyPlayground.playground */,
				FCCB381A1D01C05400EFC908 /* ViewController.swift */,
				FC740B4F1D01D6CB00CCE546 /* Util.swift */,
				FC740B531D024CEB00CCE546 /* HotKeys.swift */,
				FC740B5D1D02766D00CCE546 /* Constents.swift */,
				FCFD066F1D028C810005D284 /* ConolePlay.playground */,
				FCFD06741D02FB8F0005D284 /* AboutWindowController.swift */,
				FC5A2C281D15124A00472D06 /* SettingWindowController.swift */,
				FCFD06761D0302A40005D284 /* AboutViewControoler.swift */,
				FC5A2C2A1D15129400472D06 /* SettingViewController.swift */,
				FCD93D611D054B04000184B8 /* Log.swift */,
				FCA7F3FB1D16303300BCE328 /* Config.swift */,
			);
			path = XEasyMotion;
			sourceTree = "<group>";
		};
		FCDCFB171CF6DA36009ABCEB /* XEasyMotionTests */ = {
			isa = PBXGroup;
			children = (
				FC1740691D168CB10016B1B3 /* XEasyMotionTests.swift */,
				FCDCFB1A1CF6DA36009ABCEB /* Info.plist */,
			);
			name = XEasyMotionTests;
			path = XEasyMotioinTests;
			sourceTree = "<group>";
		};
		FCDCFB221CF6DA36009ABCEB /* XEasyMotionUITests */ = {
			isa = PBXGroup;
			children = (
				FC1740671D168C2C0016B1B3 /* XEasyMotionUITests.swift */,
				FCDCFB251CF6DA36009ABCEB /* Info.plist */,
			);
			path = XEasyMotionUITests;
			sourceTree = "<group>";
		};
/* End PBXGroup section */

/* Begin PBXNativeTarget section */
		FCDCFB021CF6DA36009ABCEB /* XEasyMotion */ = {
			isa = PBXNativeTarget;
			buildConfigurationList = FCDCFB281CF6DA36009ABCEB /* Build configuration list for PBXNativeTarget "XEasyMotion" */;
			buildPhases = (
				FCDCFAFF1CF6DA36009ABCEB /* Sources */,
				FCDCFB001CF6DA36009ABCEB /* Frameworks */,
				FCDCFB011CF6DA36009ABCEB /* Resources */,
				FCA7F3FA1D162F9900BCE328 /* ShellScript */,
			);
			buildRules = (
			);
			dependencies = (
			);
			name = XEasyMotion;
			productName = keynav;
			productReference = FCDCFB031CF6DA36009ABCEB /* XEasyMotion.app */;
			productType = "com.apple.product-type.application";
		};
		FCDCFB131CF6DA36009ABCEB /* XEasyMotionTests */ = {
			isa = PBXNativeTarget;
			buildConfigurationList = FCDCFB2B1CF6DA36009ABCEB /* Build configuration list for PBXNativeTarget "XEasyMotionTests" */;
			buildPhases = (
				FCDCFB101CF6DA36009ABCEB /* Sources */,
				FCDCFB111CF6DA36009ABCEB /* Frameworks */,
				FCDCFB121CF6DA36009ABCEB /* Resources */,
			);
			buildRules = (
			);
			dependencies = (
				FCDCFB161CF6DA36009ABCEB /* PBXTargetDependency */,
			);
			name = XEasyMotionTests;
			productName = keynavTests;
			productReference = FCDCFB141CF6DA36009ABCEB /* XEasyMotion.xctest */;
			productType = "com.apple.product-type.bundle.unit-test";
		};
		FCDCFB1E1CF6DA36009ABCEB /* XEasyMotionUITests */ = {
			isa = PBXNativeTarget;
			buildConfigurationList = FCDCFB2E1CF6DA36009ABCEB /* Build configuration list for PBXNativeTarget "XEasyMotionUITests" */;
			buildPhases = (
				FCDCFB1B1CF6DA36009ABCEB /* Sources */,
				FCDCFB1C1CF6DA36009ABCEB /* Frameworks */,
				FCDCFB1D1CF6DA36009ABCEB /* Resources */,
			);
			buildRules = (
			);
			dependencies = (
				FCDCFB211CF6DA36009ABCEB /* PBXTargetDependency */,
			);
			name = XEasyMotionUITests;
			productName = keynavUITests;
			productReference = FCDCFB1F1CF6DA36009ABCEB /* XEasyMotion.xctest */;
			productType = "com.apple.product-type.bundle.ui-testing";
		};
/* End PBXNativeTarget section */

/* Begin PBXProject section */
		FCDCFAFB1CF6DA36009ABCEB /* Project object */ = {
			isa = PBXProject;
			attributes = {
				LastSwiftUpdateCheck = 0730;
				LastUpgradeCheck = 0730;
				ORGANIZATIONNAME = h2ero;
				TargetAttributes = {
					FCDCFB021CF6DA36009ABCEB = {
						CreatedOnToolsVersion = 7.3.1;
					};
					FCDCFB131CF6DA36009ABCEB = {
						CreatedOnToolsVersion = 7.3.1;
						TestTargetID = FCDCFB021CF6DA36009ABCEB;
					};
					FCDCFB1E1CF6DA36009ABCEB = {
						CreatedOnToolsVersion = 7.3.1;
						TestTargetID = FCDCFB021CF6DA36009ABCEB;
					};
				};
			};
			buildConfigurationList = FCDCFAFE1CF6DA36009ABCEB /* Build configuration list for PBXProject "XEasyMotion" */;
			compatibilityVersion = "Xcode 3.2";
			developmentRegion = English;
			hasScannedForEncodings = 0;
			knownRegions = (
				en,
				Base,
			);
			mainGroup = FCDCFAFA1CF6DA36009ABCEB;
			productRefGroup = FCDCFB041CF6DA36009ABCEB /* Products */;
			projectDirPath = "";
			projectRoot = "";
			targets = (
				FCDCFB021CF6DA36009ABCEB /* XEasyMotion */,
				FCDCFB131CF6DA36009ABCEB /* XEasyMotionTests */,
				FCDCFB1E1CF6DA36009ABCEB /* XEasyMotionUITests */,
			);
		};
/* End PBXProject section */

/* Begin PBXResourcesBuildPhase section */
		FCDCFB011CF6DA36009ABCEB /* Resources */ = {
			isa = PBXResourcesBuildPhase;
			buildActionMask = 2147483647;
			files = (
				FCDCFB0B1CF6DA36009ABCEB /* Assets.xcassets in Resources */,
				FCDCFB0E1CF6DA36009ABCEB /* Main.storyboard in Resources */,
			);
			runOnlyForDeploymentPostprocessing = 0;
		};
		FCDCFB121CF6DA36009ABCEB /* Resources */ = {
			isa = PBXResourcesBuildPhase;
			buildActionMask = 2147483647;
			files = (
			);
			runOnlyForDeploymentPostprocessing = 0;
		};
		FCDCFB1D1CF6DA36009ABCEB /* Resources */ = {
			isa = PBXResourcesBuildPhase;
			buildActionMask = 2147483647;
			files = (
			);
			runOnlyForDeploymentPostprocessing = 0;
		};
/* End PBXResourcesBuildPhase section */

/* Begin PBXShellScriptBuildPhase section */
		FCA7F3FA1D162F9900BCE328 /* ShellScript */ = {
			isa = PBXShellScriptBuildPhase;
			buildActionMask = 2147483647;
			files = (
			);
			inputPaths = (
			);
			outputPaths = (
			);
			runOnlyForDeploymentPostprocessing = 0;
			shellPath = /bin/sh;
			shellScript = "/usr/local/bin/carthage copy-frameworks";
		};
/* End PBXShellScriptBuildPhase section */

/* Begin PBXSourcesBuildPhase section */
		FCDCFAFF1CF6DA36009ABCEB /* Sources */ = {
			isa = PBXSourcesBuildPhase;
			buildActionMask = 2147483647;
			files = (
				FCCB381B1D01C05400EFC908 /* ViewController.swift in Sources */,
				FCFD06771D0302A40005D284 /* AboutViewControoler.swift in Sources */,
				FCA7F3FC1D16303300BCE328 /* Config.swift in Sources */,
				FCD93D621D054B04000184B8 /* Log.swift in Sources */,
				FCFD06751D02FB8F0005D284 /* AboutWindowController.swift in Sources */,
				FC5A2C2B1D15129400472D06 /* SettingViewController.swift in Sources */,
				FC740B541D024CEB00CCE546 /* HotKeys.swift in Sources */,
				FC740B501D01D6CB00CCE546 /* Util.swift in Sources */,
				FC1EE6ED1CF888B500ABC6A6 /* GradView.swift in Sources */,
				FC407E0B1D1687C10035ABCF /* SimpleMode.swift in Sources */,
				FCA7F4011D163DCF00BCE328 /* Mode.swift in Sources */,
				FC740B5E1D02766D00CCE546 /* Constents.swift in Sources */,
				FC9FDD5B1CF7419600533B23 /* MainWindow.swift in Sources */,
				FC1BB5641D1996B300539FF0 /* NineBlockMode.swift in Sources */,
				FC2677A91CF74D3600EB7E9D /* MainWindowController.swift in Sources */,
				FC5A2C291D15124A00472D06 /* SettingWindowController.swift in Sources */,
				FCDCFB071CF6DA36009ABCEB /* AppDelegate.swift in Sources */,
			);
			runOnlyForDeploymentPostprocessing = 0;
		};
		FCDCFB101CF6DA36009ABCEB /* Sources */ = {
			isa = PBXSourcesBuildPhase;
			buildActionMask = 2147483647;
			files = (
			);
			runOnlyForDeploymentPostprocessing = 0;
		};
		FCDCFB1B1CF6DA36009ABCEB /* Sources */ = {
			isa = PBXSourcesBuildPhase;
			buildActionMask = 2147483647;
			files = (
				FC17406A1D168CB10016B1B3 /* XEasyMotionTests.swift in Sources */,
				FC1740681D168C2C0016B1B3 /* XEasyMotionUITests.swift in Sources */,
			);
			runOnlyForDeploymentPostprocessing = 0;
		};
/* End PBXSourcesBuildPhase section */

/* Begin PBXTargetDependency section */
		FCDCFB161CF6DA36009ABCEB /* PBXTargetDependency */ = {
			isa = PBXTargetDependency;
			target = FCDCFB021CF6DA36009ABCEB /* XEasyMotion */;
			targetProxy = FCDCFB151CF6DA36009ABCEB /* PBXContainerItemProxy */;
		};
		FCDCFB211CF6DA36009ABCEB /* PBXTargetDependency */ = {
			isa = PBXTargetDependency;
			target = FCDCFB021CF6DA36009ABCEB /* XEasyMotion */;
			targetProxy = FCDCFB201CF6DA36009ABCEB /* PBXContainerItemProxy */;
		};
/* End PBXTargetDependency section */

/* Begin PBXVariantGroup section */
		FCDCFB0C1CF6DA36009ABCEB /* Main.storyboard */ = {
			isa = PBXVariantGroup;
			children = (
				FCDCFB0D1CF6DA36009ABCEB /* Base */,
			);
			name = Main.storyboard;
			sourceTree = "<group>";
		};
/* End PBXVariantGroup section */

/* Begin XCBuildConfiguration section */
		FCDCFB261CF6DA36009ABCEB /* Debug */ = {
			isa = XCBuildConfiguration;
			buildSettings = {
				ALWAYS_SEARCH_USER_PATHS = NO;
				CLANG_ANALYZER_NONNULL = YES;
				CLANG_CXX_LANGUAGE_STANDARD = "gnu++0x";
				CLANG_CXX_LIBRARY = "libc++";
				CLANG_ENABLE_MODULES = YES;
				CLANG_ENABLE_OBJC_ARC = YES;
				CLANG_WARN_BOOL_CONVERSION = YES;
				CLANG_WARN_CONSTANT_CONVERSION = YES;
				CLANG_WARN_DIRECT_OBJC_ISA_USAGE = YES_ERROR;
				CLANG_WARN_EMPTY_BODY = YES;
				CLANG_WARN_ENUM_CONVERSION = YES;
				CLANG_WARN_INT_CONVERSION = YES;
				CLANG_WARN_OBJC_ROOT_CLASS = YES_ERROR;
				CLANG_WARN_UNREACHABLE_CODE = YES;
				CLANG_WARN__DUPLICATE_METHOD_MATCH = YES;
				CODE_SIGN_IDENTITY = "-";
				COPY_PHASE_STRIP = NO;
				DEBUG_INFORMATION_FORMAT = dwarf;
				ENABLE_STRICT_OBJC_MSGSEND = YES;
				ENABLE_TESTABILITY = YES;
				GCC_C_LANGUAGE_STANDARD = gnu99;
				GCC_DYNAMIC_NO_PIC = NO;
				GCC_NO_COMMON_BLOCKS = YES;
				GCC_OPTIMIZATION_LEVEL = 0;
				GCC_PREPROCESSOR_DEFINITIONS = (
					"DEBUG=1",
					"$(inherited)",
				);
				GCC_WARN_64_TO_32_BIT_CONVERSION = YES;
				GCC_WARN_ABOUT_RETURN_TYPE = YES_ERROR;
				GCC_WARN_UNDECLARED_SELECTOR = YES;
				GCC_WARN_UNINITIALIZED_AUTOS = YES_AGGRESSIVE;
				GCC_WARN_UNUSED_FUNCTION = YES;
				GCC_WARN_UNUSED_VARIABLE = YES;
				MACOSX_DEPLOYMENT_TARGET = 10.11;
				MTL_ENABLE_DEBUG_INFO = YES;
				ONLY_ACTIVE_ARCH = YES;
				SDKROOT = macosx;
				SWIFT_OPTIMIZATION_LEVEL = "-Onone";
			};
			name = Debug;
		};
		FCDCFB271CF6DA36009ABCEB /* Release */ = {
			isa = XCBuildConfiguration;
			buildSettings = {
				ALWAYS_SEARCH_USER_PATHS = NO;
				CLANG_ANALYZER_NONNULL = YES;
				CLANG_CXX_LANGUAGE_STANDARD = "gnu++0x";
				CLANG_CXX_LIBRARY = "libc++";
				CLANG_ENABLE_MODULES = YES;
				CLANG_ENABLE_OBJC_ARC = YES;
				CLANG_WARN_BOOL_CONVERSION = YES;
				CLANG_WARN_CONSTANT_CONVERSION = YES;
				CLANG_WARN_DIRECT_OBJC_ISA_USAGE = YES_ERROR;
				CLANG_WARN_EMPTY_BODY = YES;
				CLANG_WARN_ENUM_CONVERSION = YES;
				CLANG_WARN_INT_CONVERSION = YES;
				CLANG_WARN_OBJC_ROOT_CLASS = YES_ERROR;
				CLANG_WARN_UNREACHABLE_CODE = YES;
				CLANG_WARN__DUPLICATE_METHOD_MATCH = YES;
				CODE_SIGN_IDENTITY = "-";
				COPY_PHASE_STRIP = NO;
				DEBUG_INFORMATION_FORMAT = "dwarf-with-dsym";
				ENABLE_NS_ASSERTIONS = NO;
				ENABLE_STRICT_OBJC_MSGSEND = YES;
				GCC_C_LANGUAGE_STANDARD = gnu99;
				GCC_NO_COMMON_BLOCKS = YES;
				GCC_WARN_64_TO_32_BIT_CONVERSION = YES;
				GCC_WARN_ABOUT_RETURN_TYPE = YES_ERROR;
				GCC_WARN_UNDECLARED_SELECTOR = YES;
				GCC_WARN_UNINITIALIZED_AUTOS = YES_AGGRESSIVE;
				GCC_WARN_UNUSED_FUNCTION = YES;
				GCC_WARN_UNUSED_VARIABLE = YES;
				MACOSX_DEPLOYMENT_TARGET = 10.11;
				MTL_ENABLE_DEBUG_INFO = NO;
				SDKROOT = macosx;
			};
			name = Release;
		};
		FCDCFB291CF6DA36009ABCEB /* Debug */ = {
			isa = XCBuildConfiguration;
			buildSettings = {
				ASSETCATALOG_COMPILER_APPICON_NAME = AppIcon;
				CLANG_ENABLE_MODULES = YES;
				COMBINE_HIDPI_IMAGES = YES;
				FRAMEWORK_SEARCH_PATHS = (
					"$(inherited)",
					"$(PROJECT_DIR)/Carthage/Build/Mac",
				);
				INFOPLIST_FILE = XEasyMotion/Info.plist;
				LD_RUNPATH_SEARCH_PATHS = "$(inherited) @executable_path/../Frameworks";
				MACOSX_DEPLOYMENT_TARGET = 10.11;
				PRODUCT_BUNDLE_IDENTIFIER = h2ero.XEasyMotion;
				PRODUCT_NAME = XEasyMotion;
				SDKROOT = macosx;
				SWIFT_OBJC_BRIDGING_HEADER = "";
				SWIFT_OPTIMIZATION_LEVEL = "-Onone";
				SWIFT_VERSION = 4.0;
			};
			name = Debug;
		};
		FCDCFB2A1CF6DA36009ABCEB /* Release */ = {
			isa = XCBuildConfiguration;
			buildSettings = {
				ASSETCATALOG_COMPILER_APPICON_NAME = AppIcon;
				CLANG_ENABLE_MODULES = YES;
				COMBINE_HIDPI_IMAGES = YES;
				FRAMEWORK_SEARCH_PATHS = (
					"$(inherited)",
					"$(PROJECT_DIR)/Carthage/Build/Mac",
				);
				INFOPLIST_FILE = XEasyMotion/Info.plist;
				LD_RUNPATH_SEARCH_PATHS = "$(inherited) @executable_path/../Frameworks";
				MACOSX_DEPLOYMENT_TARGET = 10.11;
				PRODUCT_BUNDLE_IDENTIFIER = h2ero.XEasyMotion;
				PRODUCT_NAME = XEasyMotion;
				SDKROOT = macosx;
				SWIFT_OBJC_BRIDGING_HEADER = "";
				SWIFT_VERSION = 4.0;
			};
			name = Release;
		};
		FCDCFB2C1CF6DA36009ABCEB /* Debug */ = {
			isa = XCBuildConfiguration;
			buildSettings = {
				BUNDLE_LOADER = "$(TEST_HOST)";
				COMBINE_HIDPI_IMAGES = YES;
				INFOPLIST_FILE = keynavTests/Info.plist;
				LD_RUNPATH_SEARCH_PATHS = "$(inherited) @executable_path/../Frameworks @loader_path/../Frameworks";
				PRODUCT_BUNDLE_IDENTIFIER = h2ero.keynavTests;
				PRODUCT_NAME = XEasyMotion;
				TEST_HOST = "$(BUILT_PRODUCTS_DIR)/XEasyMotion.app/Contents/MacOS/XEasyMotion";
			};
			name = Debug;
		};
		FCDCFB2D1CF6DA36009ABCEB /* Release */ = {
			isa = XCBuildConfiguration;
			buildSettings = {
				BUNDLE_LOADER = "$(TEST_HOST)";
				COMBINE_HIDPI_IMAGES = YES;
				INFOPLIST_FILE = keynavTests/Info.plist;
				LD_RUNPATH_SEARCH_PATHS = "$(inherited) @executable_path/../Frameworks @loader_path/../Frameworks";
				PRODUCT_BUNDLE_IDENTIFIER = h2ero.keynavTests;
				PRODUCT_NAME = XEasyMotion;
				TEST_HOST = "$(BUILT_PRODUCTS_DIR)/XEasyMotion.app/Contents/MacOS/XEasyMotion";
			};
			name = Release;
		};
		FCDCFB2F1CF6DA36009ABCEB /* Debug */ = {
			isa = XCBuildConfiguration;
			buildSettings = {
				CLANG_ENABLE_MODULES = YES;
				COMBINE_HIDPI_IMAGES = YES;
				INFOPLIST_FILE = keynavUITests/Info.plist;
				LD_RUNPATH_SEARCH_PATHS = "$(inherited) @executable_path/../Frameworks @loader_path/../Frameworks";
				PRODUCT_BUNDLE_IDENTIFIER = h2ero.keynavUITests;
				PRODUCT_NAME = XEasyMotion;
				SWIFT_OPTIMIZATION_LEVEL = "-Onone";
				TEST_TARGET_NAME = keynav;
			};
			name = Debug;
		};
		FCDCFB301CF6DA36009ABCEB /* Release */ = {
			isa = XCBuildConfiguration;
			buildSettings = {
				CLANG_ENABLE_MODULES = YES;
				COMBINE_HIDPI_IMAGES = YES;
				INFOPLIST_FILE = keynavUITests/Info.plist;
				LD_RUNPATH_SEARCH_PATHS = "$(inherited) @executable_path/../Frameworks @loader_path/../Frameworks";
				PRODUCT_BUNDLE_IDENTIFIER = h2ero.keynavUITests;
				PRODUCT_NAME = XEasyMotion;
				TEST_TARGET_NAME = keynav;
			};
			name = Release;
		};
/* End XCBuildConfiguration section */

/* Begin XCConfigurationList section */
		FCDCFAFE1CF6DA36009ABCEB /* Build configuration list for PBXProject "XEasyMotion" */ = {
			isa = XCConfigurationList;
			buildConfigurations = (
				FCDCFB261CF6DA36009ABCEB /* Debug */,
				FCDCFB271CF6DA36009ABCEB /* Release */,
			);
			defaultConfigurationIsVisible = 0;
			defaultConfigurationName = Release;
		};
		FCDCFB281CF6DA36009ABCEB /* Build configuration list for PBXNativeTarget "XEasyMotion" */ = {
			isa = XCConfigurationList;
			buildConfigurations = (
				FCDCFB291CF6DA36009ABCEB /* Debug */,
				FCDCFB2A1CF6DA36009ABCEB /* Release */,
			);
			defaultConfigurationIsVisible = 0;
			defaultConfigurationName = Release;
		};
		FCDCFB2B1CF6DA36009ABCEB /* Build configuration list for PBXNativeTarget "XEasyMotionTests" */ = {
			isa = XCConfigurationList;
			buildConfigurations = (
				FCDCFB2C1CF6DA36009ABCEB /* Debug */,
				FCDCFB2D1CF6DA36009ABCEB /* Release */,
			);
			defaultConfigurationIsVisible = 0;
			defaultConfigurationName = Release;
		};
		FCDCFB2E1CF6DA36009ABCEB /* Build configuration list for PBXNativeTarget "XEasyMotionUITests" */ = {
			isa = XCConfigurationList;
			buildConfigurations = (
				FCDCFB2F1CF6DA36009ABCEB /* Debug */,
				FCDCFB301CF6DA36009ABCEB /* Release */,
			);
			defaultConfigurationIsVisible = 0;
			defaultConfigurationName = Release;
		};
/* End XCConfigurationList section */
	};
	rootObject = FCDCFAFB1CF6DA36009ABCEB /* Project object */;
}
